
Microsoft Visual Studio Solution File, Format Version 12.00
# Visual Studio Version 16
VisualStudioVersion = 16.0.30717.126
MinimumVisualStudioVersion = 10.0.40219.1
Project("{FAE04EC0-301F-11D3-BF4B-00C04F79EFBC}") = "Blazor_Tarefa", "Blazor_Tarefa\Blazor_Tarefa.csproj", "{BCCB9E86-C452-4936-B976-1E414D629173}"
EndProject
Global
	GlobalSection(SolutionConfigurationPlatforms) = preSolution
		Debug|Any CPU = Debug|Any CPU
		Release|Any CPU = Release|Any CPU
	EndGlobalSection
	GlobalSection(ProjectConfigurationPlatforms) = postSolution
		{BCCB9E86-C452-4936-B976-1E414D629173}.Debug|Any CPU.ActiveCfg = Debug|Any CPU
		{BCCB9E86-C452-4936-B976-1E414D629173}.Debug|Any CPU.Build.0 = Debug|Any CPU
		{BCCB9E86-C452-4936-B976-1E414D629173}.Release|Any CPU.ActiveCfg = Release|Any CPU
		{BCCB9E86-C452-4936-B976-1E414D629173}.Release|Any CPU.Build.0 = Release|Any CPU
	EndGlobalSection
	GlobalSection(SolutionProperties) = preSolution
		HideSolutionNode = FALSE
	EndGlobalSection
	GlobalSection(ExtensibilityGlobals) = postSolution
		SolutionGuid = {F8A1550E-A1E7-4C40-AFCF-3C59DC263143}
	EndGlobalSection
EndGlobal
